
Microsoft Visual Studio Solution File, Format Version 12.00
# Visual Studio Version 17
VisualStudioVersion = 17.13.35825.156 d17.13
MinimumVisualStudioVersion = 10.0.40219.1
Project("{FAE04EC0-301F-11D3-BF4B-00C04F79EFBC}") = "cronJobMx", "cronJobMx.csproj", "{16B2C4DE-4D90-48AD-AD2B-2CB7D7B4447A}"
EndProject
Global
	GlobalSection(SolutionConfigurationPlatforms) = preSolution
		Debug|Any CPU = Debug|Any CPU
		Release|Any CPU = Release|Any CPU
	EndGlobalSection
	GlobalSection(ProjectConfigurationPlatforms) = postSolution
		{16B2C4DE-4D90-48AD-AD2B-2CB7D7B4447A}.Debug|Any CPU.ActiveCfg = Debug|Any CPU
		{16B2C4DE-4D90-48AD-AD2B-2CB7D7B4447A}.Debug|Any CPU.Build.0 = Debug|Any CPU
		{16B2C4DE-4D90-48AD-AD2B-2CB7D7B4447A}.Release|Any CPU.ActiveCfg = Release|Any CPU
		{16B2C4DE-4D90-48AD-AD2B-2CB7D7B4447A}.Release|Any CPU.Build.0 = Release|Any CPU
	EndGlobalSection
	GlobalSection(SolutionProperties) = preSolution
		HideSolutionNode = FALSE
	EndGlobalSection
	GlobalSection(ExtensibilityGlobals) = postSolution
		SolutionGuid = {3A2801BB-AB07-4985-A58A-71833DE9F5A5}
	EndGlobalSection
EndGlobal
